<?xml version="1.0" encoding="utf-8"?>
<Project ToolsVersion="4.0" xmlns="http://schemas.microsoft.com/developer/msbuild/2003">
  <ItemGroup>
    <Filter Include="Header Files">
      <UniqueIdentifier>{93995380-89BD-4b04-88EB-625FBE52EBFB}</UniqueIdentifier>
      <Extensions>h;hh;hpp;hxx;hm;inl;inc;xsd</Extensions>
    </Filter>
    <Filter Include="Source Files">
      <UniqueIdentifier>{4FC737F1-C7A5-4376-A066-2A32D752A2FF}</UniqueIdentifier>
      <Extensions>cpp;c;cc;cxx;def;odl;idl;hpj;bat;asm;asmx</Extensions>
    </Filter>
  </ItemGroup>
  <ItemGroup>
    <Text Include="ReadMe.txt" />
  </ItemGroup>
  <ItemGroup>
    <ClInclude Include="stdafx.h">
      <Filter>Header Files</Filter>
    </ClInclude>
    <ClInclude Include="targetver.h">
      <Filter>Header Files</Filter>
    </ClInclude>
    <ClInclude Include="resource3.h">
      <Filter>Header Files</Filter>
    </ClInclude>
    <ClInclude Include="player.h">
      <Filter>Header Files</Filter>
    </ClInclude>
    <ClInclude Include="showtitle.h">
      <Filter>Header Files</Filter>
    </ClInclude>
    <ClInclude Include="initialize.h">
      <Filter>Header Files</Filter>
    </ClInclude>
    <ClInclude Include="variousfunc.h">
      <Filter>Header Files</Filter>
    </ClInclude>
    <ClInclude Include="prologue.h">
      <Filter>Header Files</Filter>
    </ClInclude>
    <ClInclude Include="trial1.h">
      <Filter>Header Files</Filter>
    </ClInclude>
    <ClInclude Include="trial2.h">
      <Filter>Header Files</Filter>
    </ClInclude>
    <ClInclude Include="trial3.h">
      <Filter>Header Files</Filter>
    </ClInclude>
    <ClInclude Include="trial4.h">
      <Filter>Header Files</Filter>
    </ClInclude>
    <ClInclude Include="trial5.h">
      <Filter>Header Files</Filter>
    </ClInclude>
    <ClInclude Include="trial6.h">
      <Filter>Header Files</Filter>
    </ClInclude>
    <ClInclude Include="trial7.h">
      <Filter>Header Files</Filter>
    </ClInclude>
    <ClInclude Include="trial8.h">
      <Filter>Header Files</Filter>
    </ClInclude>
    <ClInclude Include="trial9.h">
      <Filter>Header Files</Filter>
    </ClInclude>
    <ClInclude Include="trial10.h">
      <Filter>Header Files</Filter>
    </ClInclude>
  </ItemGroup>
  <ItemGroup>
    <ClCompile Include="stdafx.cpp">
      <Filter>Source Files</Filter>
    </ClCompile>
    <ClCompile Include="TheTenTrials.cpp">
      <Filter>Source Files</Filter>
    </ClCompile>
    <ClCompile Include="player.cpp">
      <Filter>Source Files</Filter>
    </ClCompile>
    <ClCompile Include="showtitle.cpp">
      <Filter>Source Files</Filter>
    </ClCompile>
    <ClCompile Include="initialize.cpp">
      <Filter>Source Files</Filter>
    </ClCompile>
    <ClCompile Include="variousfunc.cpp">
      <Filter>Source Files</Filter>
    </ClCompile>
    <ClCompile Include="prologue.cpp">
      <Filter>Source Files</Filter>
    </ClCompile>
    <ClCompile Include="trial1.cpp">
      <Filter>Source Files</Filter>
    </ClCompile>
    <ClCompile Include="trial2.cpp">
      <Filter>Source Files</Filter>
    </ClCompile>
    <ClCompile Include="trial3.cpp">
      <Filter>Source Files</Filter>
    </ClCompile>
    <ClCompile Include="trial4.cpp">
      <Filter>Source Files</Filter>
    </ClCompile>
    <ClCompile Include="trial5.cpp">
      <Filter>Source Files</Filter>
    </ClCompile>
    <ClCompile Include="trial6.cpp">
      <Filter>Source Files</Filter>
    </ClCompile>
    <ClCompile Include="trial7.cpp">
      <Filter>Source Files</Filter>
    </ClCompile>
    <ClCompile Include="trial8.cpp">
      <Filter>Source Files</Filter>
    </ClCompile>
    <ClCompile Include="trial9.cpp">
      <Filter>Source Files</Filter>
    </ClCompile>
    <ClCompile Include="trial10.cpp">
      <Filter>Source Files</Filter>
    </ClCompile>
  </ItemGroup>
  <ItemGroup>
    <ResourceCompile Include="TheTenTrials2.rc" />
  </ItemGroup>
  <ItemGroup>
    <Image Include="..\..\..\Resources\TenTrialsIcon.ico" />
  </ItemGroup>
</Project>